<?xml version="1.0" encoding="utf-8"?>
<Project ToolsVersion="4.0" xmlns="http://schemas.microsoft.com/developer/msbuild/2003">
  <ItemGroup>
    <Filter Include="Исходные файлы">
      <UniqueIdentifier>{4FC737F1-C7A5-4376-A066-2A32D752A2FF}</UniqueIdentifier>
      <Extensions>cpp;c;cc;cxx;c++;cppm;ixx;def;odl;idl;hpj;bat;asm;asmx</Extensions>
    </Filter>
    <Filter Include="Файлы ресурсов">
      <UniqueIdentifier>{67DA6AB6-F800-4c08-8B7A-83BB121AAD01}</UniqueIdentifier>
      <Extensions>rc;ico;cur;bmp;dlg;rc2;rct;bin;rgs;gif;jpg;jpeg;jpe;resx;tiff;tif;png;wav;mfcribbon-ms</Extensions>
    </Filter>
    <Filter Include="Файлы заголовков">
      <UniqueIdentifier>{15a24f98-b6f6-4be5-9629-8ec14b91c112}</UniqueIdentifier>
    </Filter>
  </ItemGroup>
  <ItemGroup>
    <ClCompile Include="BloodFFR.cpp">
      <Filter>Исходные файлы</Filter>
    </ClCompile>
  </ItemGroup>
  <ItemGroup>
    <ClInclude Include="Globals.h">
      <Filter>Файлы ресурсов</Filter>
    </ClInclude>
    <ClInclude Include="Granuslov.h">
      <Filter>Файлы ресурсов</Filter>
    </ClInclude>
    <ClInclude Include="Predictor.h">
      <Filter>Файлы ресурсов</Filter>
    </ClInclude>
    <ClInclude Include="Subroutines.h">
      <Filter>Файлы ресурсов</Filter>
    </ClInclude>
    <ClInclude Include="TaskData.h">
      <Filter>Файлы ресурсов</Filter>
    </ClInclude>
    <ClInclude Include="TDGlobals.h">
      <Filter>Файлы ресурсов</Filter>
    </ClInclude>
    <ClInclude Include="TDGranuslov.h">
      <Filter>Файлы ресурсов</Filter>
    </ClInclude>
    <ClInclude Include="TDVesselWrite.h">
      <Filter>Файлы ресурсов</Filter>
    </ClInclude>
    <ClInclude Include="TreeDataDepend.h">
      <Filter>Файлы ресурсов</Filter>
    </ClInclude>
    <ClInclude Include="TreeDataIndepend.h">
      <Filter>Файлы ресурсов</Filter>
    </ClInclude>
    <ClInclude Include="TreeInit.h">
      <Filter>Файлы ресурсов</Filter>
    </ClInclude>
    <ClInclude Include="TreeInitTD.h">
      <Filter>Файлы ресурсов</Filter>
    </ClInclude>
  </ItemGroup>
</Project>